
Microsoft Visual Studio Solution File, Format Version 12.00
# Visual Studio Version 17
VisualStudioVersion = 17.0.32014.148
MinimumVisualStudioVersion = 10.0.40219.1
Project("{FAE04EC0-301F-11D3-BF4B-00C04F79EFBC}") = "ConnectFour", "ConnectFour.csproj", "{6229B94D-ACFD-43A6-84C1-97CFB2F065F2}"
EndProject
Global
	GlobalSection(SolutionConfigurationPlatforms) = preSolution
		Debug|Any CPU = Debug|Any CPU
		Release|Any CPU = Release|Any CPU
	EndGlobalSection
	GlobalSection(ProjectConfigurationPlatforms) = postSolution
		{6229B94D-ACFD-43A6-84C1-97CFB2F065F2}.Debug|Any CPU.ActiveCfg = Debug|Any CPU
		{6229B94D-ACFD-43A6-84C1-97CFB2F065F2}.Debug|Any CPU.Build.0 = Debug|Any CPU
		{6229B94D-ACFD-43A6-84C1-97CFB2F065F2}.Release|Any CPU.ActiveCfg = Release|Any CPU
		{6229B94D-ACFD-43A6-84C1-97CFB2F065F2}.Release|Any CPU.Build.0 = Release|Any CPU
	EndGlobalSection
	GlobalSection(SolutionProperties) = preSolution
		HideSolutionNode = FALSE
	EndGlobalSection
	GlobalSection(ExtensibilityGlobals) = postSolution
		SolutionGuid = {C6B77802-DFD1-4F83-838B-76E3AE2459F8}
	EndGlobalSection
EndGlobal
